
Microsoft Visual Studio Solution File, Format Version 12.00
# Visual Studio Version 17
VisualStudioVersion = 17.8.34316.72
MinimumVisualStudioVersion = 10.0.40219.1
Project("{FAE04EC0-301F-11D3-BF4B-00C04F79EFBC}") = "Entities", "Entities\Entities.csproj", "{3F78A786-3F3A-4E65-8144-4672A294ADB1}"
EndProject
Project("{FAE04EC0-301F-11D3-BF4B-00C04F79EFBC}") = "Business", "Business\Business.csproj", "{3A540996-4A7D-4F6B-A755-6D9D8C4092F9}"
EndProject
Project("{FAE04EC0-301F-11D3-BF4B-00C04F79EFBC}") = "DataAccess", "DataAccess\DataAccess.csproj", "{2522C61E-870A-46FD-861D-46F7EC7E7BCD}"
EndProject
Project("{FAE04EC0-301F-11D3-BF4B-00C04F79EFBC}") = "WebAPI", "WebAPI\WebAPI.csproj", "{C26530C1-5E10-4F08-A771-6FDFA739AEA0}"
EndProject
Project("{FAE04EC0-301F-11D3-BF4B-00C04F79EFBC}") = "Core", "Core\Core.csproj", "{E3C57FC0-02E8-4BF4-92BA-675AB6E7B4A0}"
EndProject
Global
	GlobalSection(SolutionConfigurationPlatforms) = preSolution
		Debug|Any CPU = Debug|Any CPU
		Release|Any CPU = Release|Any CPU
	EndGlobalSection
	GlobalSection(ProjectConfigurationPlatforms) = postSolution
		{3F78A786-3F3A-4E65-8144-4672A294ADB1}.Debug|Any CPU.ActiveCfg = Debug|Any CPU
		{3F78A786-3F3A-4E65-8144-4672A294ADB1}.Debug|Any CPU.Build.0 = Debug|Any CPU
		{3F78A786-3F3A-4E65-8144-4672A294ADB1}.Release|Any CPU.ActiveCfg = Release|Any CPU
		{3F78A786-3F3A-4E65-8144-4672A294ADB1}.Release|Any CPU.Build.0 = Release|Any CPU
		{3A540996-4A7D-4F6B-A755-6D9D8C4092F9}.Debug|Any CPU.ActiveCfg = Debug|Any CPU
		{3A540996-4A7D-4F6B-A755-6D9D8C4092F9}.Debug|Any CPU.Build.0 = Debug|Any CPU
		{3A540996-4A7D-4F6B-A755-6D9D8C4092F9}.Release|Any CPU.ActiveCfg = Release|Any CPU
		{3A540996-4A7D-4F6B-A755-6D9D8C4092F9}.Release|Any CPU.Build.0 = Release|Any CPU
		{2522C61E-870A-46FD-861D-46F7EC7E7BCD}.Debug|Any CPU.ActiveCfg = Debug|Any CPU
		{2522C61E-870A-46FD-861D-46F7EC7E7BCD}.Debug|Any CPU.Build.0 = Debug|Any CPU
		{2522C61E-870A-46FD-861D-46F7EC7E7BCD}.Release|Any CPU.ActiveCfg = Release|Any CPU
		{2522C61E-870A-46FD-861D-46F7EC7E7BCD}.Release|Any CPU.Build.0 = Release|Any CPU
		{C26530C1-5E10-4F08-A771-6FDFA739AEA0}.Debug|Any CPU.ActiveCfg = Debug|Any CPU
		{C26530C1-5E10-4F08-A771-6FDFA739AEA0}.Debug|Any CPU.Build.0 = Debug|Any CPU
		{C26530C1-5E10-4F08-A771-6FDFA739AEA0}.Release|Any CPU.ActiveCfg = Release|Any CPU
		{C26530C1-5E10-4F08-A771-6FDFA739AEA0}.Release|Any CPU.Build.0 = Release|Any CPU
		{E3C57FC0-02E8-4BF4-92BA-675AB6E7B4A0}.Debug|Any CPU.ActiveCfg = Debug|Any CPU
		{E3C57FC0-02E8-4BF4-92BA-675AB6E7B4A0}.Debug|Any CPU.Build.0 = Debug|Any CPU
		{E3C57FC0-02E8-4BF4-92BA-675AB6E7B4A0}.Release|Any CPU.ActiveCfg = Release|Any CPU
		{E3C57FC0-02E8-4BF4-92BA-675AB6E7B4A0}.Release|Any CPU.Build.0 = Release|Any CPU
	EndGlobalSection
	GlobalSection(SolutionProperties) = preSolution
		HideSolutionNode = FALSE
	EndGlobalSection
	GlobalSection(ExtensibilityGlobals) = postSolution
		SolutionGuid = {3E4A7DCF-61B7-41A5-9625-C29F8A7F7E3E}
	EndGlobalSection
EndGlobal
